
Microsoft Visual Studio Solution File, Format Version 12.00
# Visual Studio Version 17
VisualStudioVersion = 17.4.33213.308
MinimumVisualStudioVersion = 10.0.40219.1
Project("{9A19103F-16F7-4668-BE54-9A1E7A4F7556}") = "SchemaTranslators", "SchemaTranslators\SchemaTranslators.csproj", "{3BC31D4C-EC59-4050-B9E7-EE3F86FBFFFD}"
EndProject
Project("{9A19103F-16F7-4668-BE54-9A1E7A4F7556}") = "Standard", "Standard\Standard.csproj", "{3C258564-536A-4308-98D9-2F537A8C40A3}"
EndProject
Project("{FAE04EC0-301F-11D3-BF4B-00C04F79EFBC}") = "Whatsapp", "Whatsapp\Whatsapp.csproj", "{CC6621AF-CED2-497D-B2DB-C760DED4E92B}"
EndProject
Global
	GlobalSection(SolutionConfigurationPlatforms) = preSolution
		Debug|Any CPU = Debug|Any CPU
		Release|Any CPU = Release|Any CPU
	EndGlobalSection
	GlobalSection(ProjectConfigurationPlatforms) = postSolution
		{3BC31D4C-EC59-4050-B9E7-EE3F86FBFFFD}.Debug|Any CPU.ActiveCfg = Debug|Any CPU
		{3BC31D4C-EC59-4050-B9E7-EE3F86FBFFFD}.Debug|Any CPU.Build.0 = Debug|Any CPU
		{3BC31D4C-EC59-4050-B9E7-EE3F86FBFFFD}.Release|Any CPU.ActiveCfg = Release|Any CPU
		{3BC31D4C-EC59-4050-B9E7-EE3F86FBFFFD}.Release|Any CPU.Build.0 = Release|Any CPU
		{3C258564-536A-4308-98D9-2F537A8C40A3}.Debug|Any CPU.ActiveCfg = Debug|Any CPU
		{3C258564-536A-4308-98D9-2F537A8C40A3}.Debug|Any CPU.Build.0 = Debug|Any CPU
		{3C258564-536A-4308-98D9-2F537A8C40A3}.Release|Any CPU.ActiveCfg = Release|Any CPU
		{3C258564-536A-4308-98D9-2F537A8C40A3}.Release|Any CPU.Build.0 = Release|Any CPU
		{CC6621AF-CED2-497D-B2DB-C760DED4E92B}.Debug|Any CPU.ActiveCfg = Debug|Any CPU
		{CC6621AF-CED2-497D-B2DB-C760DED4E92B}.Debug|Any CPU.Build.0 = Debug|Any CPU
		{CC6621AF-CED2-497D-B2DB-C760DED4E92B}.Release|Any CPU.ActiveCfg = Release|Any CPU
		{CC6621AF-CED2-497D-B2DB-C760DED4E92B}.Release|Any CPU.Build.0 = Release|Any CPU
	EndGlobalSection
	GlobalSection(SolutionProperties) = preSolution
		HideSolutionNode = FALSE
	EndGlobalSection
	GlobalSection(ExtensibilityGlobals) = postSolution
		SolutionGuid = {BDB10FCF-1C2A-4493-94EA-A2FB80D1BA9C}
	EndGlobalSection
EndGlobal
